{
  "version": "4",
  "redirects": {
    "https://deno.land/x/sentry/index.mjs": "https://deno.land/x/sentry@8.55.0/index.mjs",
    "https://esm.sh/iceberg-js@^0.8.1?target=denonext": "https://esm.sh/iceberg-js@0.8.1?target=denonext"
  },
  "remote": {
    "https://deno.land/std@0.190.0/_util/asserts.ts": "178dfc49a464aee693a7e285567b3d0b555dc805ff490505a8aae34f9cfb1462",
    "https://deno.land/std@0.190.0/async/abortable.ts": "fd682fa46f3b7b16b4606a5ab52a7ce309434b76f820d3221bdfb862719a15d7",
    "https://deno.land/std@0.190.0/async/deadline.ts": "58f72a3cc0fcb731b2cc055ba046f4b5be3349ff6bf98f2e793c3b969354aab2",
    "https://deno.land/std@0.190.0/async/debounce.ts": "adab11d04ca38d699444ac8a9d9856b4155e8dda2afd07ce78276c01ea5a4332",
    "https://deno.land/std@0.190.0/async/deferred.ts": "42790112f36a75a57db4a96d33974a936deb7b04d25c6084a9fa8a49f135def8",
    "https://deno.land/std@0.190.0/async/delay.ts": "73aa04cec034c84fc748c7be49bb15cac3dd43a57174bfdb7a4aec22c248f0dd",
    "https://deno.land/std@0.190.0/async/mod.ts": "f04344fa21738e5ad6bea37a6bfffd57c617c2d372bb9f9dcfd118a1b622e576",
    "https://deno.land/std@0.190.0/async/mux_async_iterator.ts": "70c7f2ee4e9466161350473ad61cac0b9f115cff4c552eaa7ef9d50c4cbb4cc9",
    "https://deno.land/std@0.190.0/async/pool.ts": "f1b8d3df4d7fd3c73f8cbc91cc2e8b8e950910f1eab94230b443944d7584c657",
    "https://deno.land/std@0.190.0/async/retry.ts": "c9248325ec08cc2cceb7618472e77589a51a25cee460e07b6096be34966c2ead",
    "https://deno.land/std@0.190.0/async/tee.ts": "47e42d35f622650b02234d43803d0383a89eb4387e1b83b5a40106d18ae36757",
    "https://deno.land/std@0.190.0/encoding/base64.ts": "144ae6234c1fbe5b68666c711dc15b1e9ee2aef6d42b3b4345bf9a6c91d70d0d",
    "https://deno.land/std@0.190.0/fmt/colors.ts": "d67e3cd9f472535241a8e410d33423980bec45047e343577554d3356e1f0ef4e",
    "https://deno.land/std@0.190.0/http/server.ts": "1b23463b5b36e4eebc495417f6af47a6f7d52e3294827a1226d2a1aab23d9d20",
    "https://deno.land/std@0.190.0/testing/_diff.ts": "1a3c044aedf77647d6cac86b798c6417603361b66b54c53331b312caeb447aea",
    "https://deno.land/std@0.190.0/testing/_format.ts": "a69126e8a469009adf4cf2a50af889aca364c349797e63174884a52ff75cf4c7",
    "https://deno.land/std@0.190.0/testing/asserts.ts": "e16d98b4d73ffc4ed498d717307a12500ae4f2cbe668f1a215632d19fcffc22f",
    "https://deno.land/x/sentry@8.55.0/index.mjs": "573a1f82e1528ad6d211cb4945c2df63168d038b500f80922efce0e8cff801cb",
    "https://esm.sh/@supabase/auth-js@2.90.1/denonext/auth-js.mjs": "f2900150a8400b3f13df9b53d582d951d3ea2e430379aa14ce76625a2c3cf209",
    "https://esm.sh/@supabase/functions-js@2.90.1/denonext/functions-js.mjs": "ae961d62308ed59bca19c60cba7086c4b62c8931fe8d730df837319a21152d51",
    "https://esm.sh/@supabase/postgrest-js@2.90.1/denonext/postgrest-js.mjs": "2582ef3ffa2033390c9c9a52bd8acb590ff5208ef76196bb5aaab09560ae10fa",
    "https://esm.sh/@supabase/realtime-js@2.90.1/denonext/realtime-js.mjs": "e055b7abb8de07ef789a6377ca79a4b2b0101f28af9ed5424749c7c899442080",
    "https://esm.sh/@supabase/storage-js@2.90.1/denonext/storage-js.mjs": "2140c49e411a0b49f67d50c4e44d85724b2963854ff3b3aec7baab6e13d0b43e",
    "https://esm.sh/@supabase/supabase-js@2.90.1": "fcf5e194d637ff365df76d1806e7c2f239905c4b08e83e5d95690a2b22e21a1d",
    "https://esm.sh/@supabase/supabase-js@2.90.1/denonext/supabase-js.mjs": "a6b3247b5dbe137e389c05f2a45e67f3d7e22e6501caa9cc5ee3861b63c8927c",
    "https://esm.sh/iceberg-js@0.8.1/denonext/iceberg-js.mjs": "d839d81a2e3966500ca2cdd0c1cb458e9608bacfc91f7bb67a69b2e878dcdb4f",
    "https://esm.sh/iceberg-js@0.8.1?target=denonext": "58c849d7fe2bf4eca4a84eb501e83c161a7d8c34ca1bec15a962b3bec3062633",
    "https://esm.sh/stripe@18.5.0": "da8bd0bec3e31938500a0f96624f2d8372a1566cd6595d2bfdbbab22d3164e04",
    "https://esm.sh/tslib@2.8.1/denonext/tslib.mjs": "c38da5dd6da6281964435002ce204cd586634fe3bdfb24a0ee116f48cf3292e9"
  },
  "workspace": {
    "packageJson": {
      "dependencies": [
        "npm:@eslint/js@^9.32.0",
        "npm:@fontsource/ibm-plex-mono@^5.2.7",
        "npm:@playwright/test@^1.44.0",
        "npm:@radix-ui/react-accordion@^1.2.11",
        "npm:@radix-ui/react-alert-dialog@^1.1.14",
        "npm:@radix-ui/react-avatar@^1.1.10",
        "npm:@radix-ui/react-checkbox@^1.3.2",
        "npm:@radix-ui/react-collapsible@^1.1.11",
        "npm:@radix-ui/react-dialog@^1.1.14",
        "npm:@radix-ui/react-dropdown-menu@^2.1.15",
        "npm:@radix-ui/react-hover-card@^1.1.14",
        "npm:@radix-ui/react-label@^2.1.7",
        "npm:@radix-ui/react-popover@^1.1.14",
        "npm:@radix-ui/react-progress@^1.1.7",
        "npm:@radix-ui/react-radio-group@^1.3.7",
        "npm:@radix-ui/react-scroll-area@^1.2.9",
        "npm:@radix-ui/react-select@^2.2.5",
        "npm:@radix-ui/react-separator@^1.1.7",
        "npm:@radix-ui/react-slider@^1.3.5",
        "npm:@radix-ui/react-slot@^1.2.3",
        "npm:@radix-ui/react-switch@^1.2.5",
        "npm:@radix-ui/react-tabs@^1.1.12",
        "npm:@radix-ui/react-toggle-group@^1.1.10",
        "npm:@radix-ui/react-toggle@^1.1.9",
        "npm:@radix-ui/react-tooltip@^1.2.7",
        "npm:@sentry/react@^10.45.0",
        "npm:@sentry/vite-plugin@^5.1.1",
        "npm:@supabase/supabase-js@^2.90.1",
        "npm:@tailwindcss/typography@~0.5.16",
        "npm:@tanstack/react-query@^5.83.0",
        "npm:@testing-library/jest-dom@^6.9.1",
        "npm:@testing-library/react@^16.3.2",
        "npm:@types/dompurify@^3.0.5",
        "npm:@types/node@^22.16.5",
        "npm:@types/react-dom@^18.3.7",
        "npm:@types/react@^18.3.23",
        "npm:@vitejs/plugin-react-swc@^3.11.0",
        "npm:autoprefixer@^10.4.21",
        "npm:class-variance-authority@~0.7.1",
        "npm:clsx@^2.1.1",
        "npm:cmdk@^1.1.1",
        "npm:date-fns@^3.6.0",
        "npm:dotenv@^17.3.1",
        "npm:embla-carousel-react@^8.6.0",
        "npm:eslint-plugin-react-hooks@^5.2.0",
        "npm:eslint-plugin-react-refresh@~0.4.20",
        "npm:eslint@^9.32.0",
        "npm:framer-motion@^12.25.0",
        "npm:globals@^15.15.0",
        "npm:husky@^9.1.7",
        "npm:jsdom@^29.0.1",
        "npm:jszip@^3.10.1",
        "npm:lint-staged@^16.4.0",
        "npm:lovable-tagger@^1.1.13",
        "npm:lucide-react@0.462",
        "npm:msw@^2.13.4",
        "npm:next-themes@0.3",
        "npm:postcss@^8.5.6",
        "npm:react-dom@^18.3.1",
        "npm:react-helmet-async@3",
        "npm:react-resizable-panels@^2.1.9",
        "npm:react-router-dom@^6.30.3",
        "npm:react@^18.3.1",
        "npm:recharts@^2.15.4",
        "npm:sonner@^1.7.4",
        "npm:supabase@^2.77.1",
        "npm:tailwind-merge@^2.6.0",
        "npm:tailwindcss-animate@^1.0.7",
        "npm:tailwindcss@^3.4.17",
        "npm:typescript-eslint@^8.38.0",
        "npm:typescript@^5.8.3",
        "npm:vite-plugin-pwa@~0.19.8",
        "npm:vite@^5.4.19",
        "npm:vitest@2"
      ]
    }
  }
}
